// !$*UTF8*$!
{
	archiveVersion = 1;
	classes = {
	};
	objectVersion = 56;
	objects = {

/* Begin PBXBuildFile section */
		260CF2BF29AF6AC1007DFED7 /* OKStartApp.swift in Sources */ = {isa = PBXBuildFile; fileRef = 260CF2BE29AF6AC1007DFED7 /* OKStartApp.swift */; };
		260CF2C129AF6AC1007DFED7 /* ContentView.swift in Sources */ = {isa = PBXBuildFile; fileRef = 260CF2C029AF6AC1007DFED7 /* ContentView.swift */; };
		260CF2C329AF6AC3007DFED7 /* Assets.xcassets in Resources */ = {isa = PBXBuildFile; fileRef = 260CF2C229AF6AC3007DFED7 /* Assets.xcassets */; };
		260CF2C629AF6AC3007DFED7 /* Preview Assets.xcassets in Resources */ = {isa = PBXBuildFile; fileRef = 260CF2C529AF6AC3007DFED7 /* Preview Assets.xcassets */; };
		260CF2D129AF6AC3007DFED7 /* OKStartTests.swift in Sources */ = {isa = PBXBuildFile; fileRef = 260CF2D029AF6AC3007DFED7 /* OKStartTests.swift */; };
		260CF2DB29AF6AC3007DFED7 /* OKStartUITests.swift in Sources */ = {isa = PBXBuildFile; fileRef = 260CF2DA29AF6AC3007DFED7 /* OKStartUITests.swift */; };
		260CF2DD29AF6AC3007DFED7 /* OKStartUITestsLaunchTests.swift in Sources */ = {isa = PBXBuildFile; fileRef = 260CF2DC29AF6AC3007DFED7 /* OKStartUITestsLaunchTests.swift */; };
		260CF2EB29B0AD34007DFED7 /* ColoredButtonStyle.swift in Sources */ = {isa = PBXBuildFile; fileRef = 260CF2EA29B0AD34007DFED7 /* ColoredButtonStyle.swift */; };
		2610753529B878EE007CF66C /* MenuView.swift in Sources */ = {isa = PBXBuildFile; fileRef = 2610753429B878EE007CF66C /* MenuView.swift */; };
		2610753729B87C81007CF66C /* ModelLocalAgent.swift in Sources */ = {isa = PBXBuildFile; fileRef = 2610753629B87C81007CF66C /* ModelLocalAgent.swift */; };
		26A0104229BB087D0086B16A /* Scriptable in Frameworks */ = {isa = PBXBuildFile; productRef = 26A0104129BB087D0086B16A /* Scriptable */; };
/* End PBXBuildFile section */

/* Begin PBXContainerItemProxy section */
		260CF2CD29AF6AC3007DFED7 /* PBXContainerItemProxy */ = {
			isa = PBXContainerItemProxy;
			containerPortal = 260CF2B329AF6AC1007DFED7 /* Project object */;
			proxyType = 1;
			remoteGlobalIDString = 260CF2BA29AF6AC1007DFED7;
			remoteInfo = OKStart;
		};
		260CF2D729AF6AC3007DFED7 /* PBXContainerItemProxy */ = {
			isa = PBXContainerItemProxy;
			containerPortal = 260CF2B329AF6AC1007DFED7 /* Project object */;
			proxyType = 1;
			remoteGlobalIDString = 260CF2BA29AF6AC1007DFED7;
			remoteInfo = OKStart;
		};
/* End PBXContainerItemProxy section */

/* Begin PBXFileReference section */
		260CF2BB29AF6AC1007DFED7 /* OKStart.app */ = {isa = PBXFileReference; explicitFileType = wrapper.application; includeInIndex = 0; path = OKStart.app; sourceTree = BUILT_PRODUCTS_DIR; };
		260CF2BE29AF6AC1007DFED7 /* OKStartApp.swift */ = {isa = PBXFileReference; lastKnownFileType = sourcecode.swift; path = OKStartApp.swift; sourceTree = "<group>"; };
		260CF2C029AF6AC1007DFED7 /* ContentView.swift */ = {isa = PBXFileReference; lastKnownFileType = sourcecode.swift; path = ContentView.swift; sourceTree = "<group>"; };
		260CF2C229AF6AC3007DFED7 /* Assets.xcassets */ = {isa = PBXFileReference; lastKnownFileType = folder.assetcatalog; path = Assets.xcassets; sourceTree = "<group>"; };
		260CF2C529AF6AC3007DFED7 /* Preview Assets.xcassets */ = {isa = PBXFileReference; lastKnownFileType = folder.assetcatalog; path = "Preview Assets.xcassets"; sourceTree = "<group>"; };
		260CF2C729AF6AC3007DFED7 /* OKStart.entitlements */ = {isa = PBXFileReference; lastKnownFileType = text.plist.entitlements; path = OKStart.entitlements; sourceTree = "<group>"; };
		260CF2CC29AF6AC3007DFED7 /* OKStartTests.xctest */ = {isa = PBXFileReference; explicitFileType = wrapper.cfbundle; includeInIndex = 0; path = OKStartTests.xctest; sourceTree = BUILT_PRODUCTS_DIR; };
		260CF2D029AF6AC3007DFED7 /* OKStartTests.swift */ = {isa = PBXFileReference; lastKnownFileType = sourcecode.swift; path = OKStartTests.swift; sourceTree = "<group>"; };
		260CF2D629AF6AC3007DFED7 /* OKStartUITests.xctest */ = {isa = PBXFileReference; explicitFileType = wrapper.cfbundle; includeInIndex = 0; path = OKStartUITests.xctest; sourceTree = BUILT_PRODUCTS_DIR; };
		260CF2DA29AF6AC3007DFED7 /* OKStartUITests.swift */ = {isa = PBXFileReference; lastKnownFileType = sourcecode.swift; path = OKStartUITests.swift; sourceTree = "<group>"; };
		260CF2DC29AF6AC3007DFED7 /* OKStartUITestsLaunchTests.swift */ = {isa = PBXFileReference; lastKnownFileType = sourcecode.swift; path = OKStartUITestsLaunchTests.swift; sourceTree = "<group>"; };
		260CF2EA29B0AD34007DFED7 /* ColoredButtonStyle.swift */ = {isa = PBXFileReference; lastKnownFileType = sourcecode.swift; path = ColoredButtonStyle.swift; sourceTree = "<group>"; };
		2610753429B878EE007CF66C /* MenuView.swift */ = {isa = PBXFileReference; lastKnownFileType = sourcecode.swift; path = MenuView.swift; sourceTree = "<group>"; };
		2610753629B87C81007CF66C /* ModelLocalAgent.swift */ = {isa = PBXFileReference; lastKnownFileType = sourcecode.swift; path = ModelLocalAgent.swift; sourceTree = "<group>"; };
/* End PBXFileReference section */

/* Begin PBXFrameworksBuildPhase section */
		260CF2B829AF6AC1007DFED7 /* Frameworks */ = {
			isa = PBXFrameworksBuildPhase;
			buildActionMask = 2147483647;
			files = (
				26A0104229BB087D0086B16A /* Scriptable in Frameworks */,
			);
			runOnlyForDeploymentPostprocessing = 0;
		};
		260CF2C929AF6AC3007DFED7 /* Frameworks */ = {
			isa = PBXFrameworksBuildPhase;
			buildActionMask = 2147483647;
			files = (
			);
			runOnlyForDeploymentPostprocessing = 0;
		};
		260CF2D329AF6AC3007DFED7 /* Frameworks */ = {
			isa = PBXFrameworksBuildPhase;
			buildActionMask = 2147483647;
			files = (
			);
			runOnlyForDeploymentPostprocessing = 0;
		};
/* End PBXFrameworksBuildPhase section */

/* Begin PBXGroup section */
		260CF2B229AF6AC1007DFED7 = {
			isa = PBXGroup;
			children = (
				260CF2BD29AF6AC1007DFED7 /* OKStart */,
				260CF2CF29AF6AC3007DFED7 /* OKStartTests */,
				260CF2D929AF6AC3007DFED7 /* OKStartUITests */,
				260CF2BC29AF6AC1007DFED7 /* Products */,
			);
			sourceTree = "<group>";
		};
		260CF2BC29AF6AC1007DFED7 /* Products */ = {
			isa = PBXGroup;
			children = (
				260CF2BB29AF6AC1007DFED7 /* OKStart.app */,
				260CF2CC29AF6AC3007DFED7 /* OKStartTests.xctest */,
				260CF2D629AF6AC3007DFED7 /* OKStartUITests.xctest */,
			);
			name = Products;
			sourceTree = "<group>";
		};
		260CF2BD29AF6AC1007DFED7 /* OKStart */ = {
			isa = PBXGroup;
			children = (
				2610754029B9F02C007CF66C /* Model */,
				2610753829B8848F007CF66C /* Views */,
				260CF2E929B0AC10007DFED7 /* CustomUI */,
				260CF2BE29AF6AC1007DFED7 /* OKStartApp.swift */,
				260CF2C229AF6AC3007DFED7 /* Assets.xcassets */,
				260CF2C729AF6AC3007DFED7 /* OKStart.entitlements */,
				260CF2C429AF6AC3007DFED7 /* Preview Content */,
			);
			path = OKStart;
			sourceTree = "<group>";
		};
		260CF2C429AF6AC3007DFED7 /* Preview Content */ = {
			isa = PBXGroup;
			children = (
				260CF2C529AF6AC3007DFED7 /* Preview Assets.xcassets */,
			);
			path = "Preview Content";
			sourceTree = "<group>";
		};
		260CF2CF29AF6AC3007DFED7 /* OKStartTests */ = {
			isa = PBXGroup;
			children = (
				260CF2D029AF6AC3007DFED7 /* OKStartTests.swift */,
			);
			path = OKStartTests;
			sourceTree = "<group>";
		};
		260CF2D929AF6AC3007DFED7 /* OKStartUITests */ = {
			isa = PBXGroup;
			children = (
				260CF2DA29AF6AC3007DFED7 /* OKStartUITests.swift */,
				260CF2DC29AF6AC3007DFED7 /* OKStartUITestsLaunchTests.swift */,
			);
			path = OKStartUITests;
			sourceTree = "<group>";
		};
		260CF2E929B0AC10007DFED7 /* CustomUI */ = {
			isa = PBXGroup;
			children = (
				260CF2EA29B0AD34007DFED7 /* ColoredButtonStyle.swift */,
			);
			path = CustomUI;
			sourceTree = "<group>";
		};
		2610753829B8848F007CF66C /* Views */ = {
			isa = PBXGroup;
			children = (
				2610753429B878EE007CF66C /* MenuView.swift */,
				260CF2C029AF6AC1007DFED7 /* ContentView.swift */,
			);
			path = Views;
			sourceTree = "<group>";
		};
		2610754029B9F02C007CF66C /* Model */ = {
			isa = PBXGroup;
			children = (
				2610753629B87C81007CF66C /* ModelLocalAgent.swift */,
			);
			path = Model;
			sourceTree = "<group>";
		};
/* End PBXGroup section */

/* Begin PBXNativeTarget section */
		260CF2BA29AF6AC1007DFED7 /* OKStart */ = {
			isa = PBXNativeTarget;
			buildConfigurationList = 260CF2E029AF6AC3007DFED7 /* Build configuration list for PBXNativeTarget "OKStart" */;
			buildPhases = (
				260CF2B729AF6AC1007DFED7 /* Sources */,
				260CF2B829AF6AC1007DFED7 /* Frameworks */,
				260CF2B929AF6AC1007DFED7 /* Resources */,
			);
			buildRules = (
			);
			dependencies = (
			);
			name = OKStart;
			packageProductDependencies = (
				26A0104129BB087D0086B16A /* Scriptable */,
			);
			productName = OKStart;
			productReference = 260CF2BB29AF6AC1007DFED7 /* OKStart.app */;
			productType = "com.apple.product-type.application";
		};
		260CF2CB29AF6AC3007DFED7 /* OKStartTests */ = {
			isa = PBXNativeTarget;
			buildConfigurationList = 260CF2E329AF6AC3007DFED7 /* Build configuration list for PBXNativeTarget "OKStartTests" */;
			buildPhases = (
				260CF2C829AF6AC3007DFED7 /* Sources */,
				260CF2C929AF6AC3007DFED7 /* Frameworks */,
				260CF2CA29AF6AC3007DFED7 /* Resources */,
			);
			buildRules = (
			);
			dependencies = (
				260CF2CE29AF6AC3007DFED7 /* PBXTargetDependency */,
			);
			name = OKStartTests;
			productName = OKStartTests;
			productReference = 260CF2CC29AF6AC3007DFED7 /* OKStartTests.xctest */;
			productType = "com.apple.product-type.bundle.unit-test";
		};
		260CF2D529AF6AC3007DFED7 /* OKStartUITests */ = {
			isa = PBXNativeTarget;
			buildConfigurationList = 260CF2E629AF6AC3007DFED7 /* Build configuration list for PBXNativeTarget "OKStartUITests" */;
			buildPhases = (
				260CF2D229AF6AC3007DFED7 /* Sources */,
				260CF2D329AF6AC3007DFED7 /* Frameworks */,
				260CF2D429AF6AC3007DFED7 /* Resources */,
			);
			buildRules = (
			);
			dependencies = (
				260CF2D829AF6AC3007DFED7 /* PBXTargetDependency */,
			);
			name = OKStartUITests;
			productName = OKStartUITests;
			productReference = 260CF2D629AF6AC3007DFED7 /* OKStartUITests.xctest */;
			productType = "com.apple.product-type.bundle.ui-testing";
		};
/* End PBXNativeTarget section */

/* Begin PBXProject section */
		260CF2B329AF6AC1007DFED7 /* Project object */ = {
			isa = PBXProject;
			attributes = {
				BuildIndependentTargetsInParallel = 1;
				LastSwiftUpdateCheck = 1420;
				LastUpgradeCheck = 1420;
				TargetAttributes = {
					260CF2BA29AF6AC1007DFED7 = {
						CreatedOnToolsVersion = 14.2;
					};
					260CF2CB29AF6AC3007DFED7 = {
						CreatedOnToolsVersion = 14.2;
						TestTargetID = 260CF2BA29AF6AC1007DFED7;
					};
					260CF2D529AF6AC3007DFED7 = {
						CreatedOnToolsVersion = 14.2;
						TestTargetID = 260CF2BA29AF6AC1007DFED7;
					};
				};
			};
			buildConfigurationList = 260CF2B629AF6AC1007DFED7 /* Build configuration list for PBXProject "OKStart" */;
			compatibilityVersion = "Xcode 14.0";
			developmentRegion = en;
			hasScannedForEncodings = 0;
			knownRegions = (
				en,
				Base,
			);
			mainGroup = 260CF2B229AF6AC1007DFED7;
			packageReferences = (
				26A0104029BB087D0086B16A /* XCRemoteSwiftPackageReference "Scriptable" */,
			);
			productRefGroup = 260CF2BC29AF6AC1007DFED7 /* Products */;
			projectDirPath = "";
			projectRoot = "";
			targets = (
				260CF2BA29AF6AC1007DFED7 /* OKStart */,
				260CF2CB29AF6AC3007DFED7 /* OKStartTests */,
				260CF2D529AF6AC3007DFED7 /* OKStartUITests */,
			);
		};
/* End PBXProject section */

/* Begin PBXResourcesBuildPhase section */
		260CF2B929AF6AC1007DFED7 /* Resources */ = {
			isa = PBXResourcesBuildPhase;
			buildActionMask = 2147483647;
			files = (
				260CF2C629AF6AC3007DFED7 /* Preview Assets.xcassets in Resources */,
				260CF2C329AF6AC3007DFED7 /* Assets.xcassets in Resources */,
			);
			runOnlyForDeploymentPostprocessing = 0;
		};
		260CF2CA29AF6AC3007DFED7 /* Resources */ = {
			isa = PBXResourcesBuildPhase;
			buildActionMask = 2147483647;
			files = (
			);
			runOnlyForDeploymentPostprocessing = 0;
		};
		260CF2D429AF6AC3007DFED7 /* Resources */ = {
			isa = PBXResourcesBuildPhase;
			buildActionMask = 2147483647;
			files = (
			);
			runOnlyForDeploymentPostprocessing = 0;
		};
/* End PBXResourcesBuildPhase section */

/* Begin PBXSourcesBuildPhase section */
		260CF2B729AF6AC1007DFED7 /* Sources */ = {
			isa = PBXSourcesBuildPhase;
			buildActionMask = 2147483647;
			files = (
				260CF2EB29B0AD34007DFED7 /* ColoredButtonStyle.swift in Sources */,
				2610753529B878EE007CF66C /* MenuView.swift in Sources */,
				260CF2C129AF6AC1007DFED7 /* ContentView.swift in Sources */,
				260CF2BF29AF6AC1007DFED7 /* OKStartApp.swift in Sources */,
				2610753729B87C81007CF66C /* ModelLocalAgent.swift in Sources */,
			);
			runOnlyForDeploymentPostprocessing = 0;
		};
		260CF2C829AF6AC3007DFED7 /* Sources */ = {
			isa = PBXSourcesBuildPhase;
			buildActionMask = 2147483647;
			files = (
				260CF2D129AF6AC3007DFED7 /* OKStartTests.swift in Sources */,
			);
			runOnlyForDeploymentPostprocessing = 0;
		};
		260CF2D229AF6AC3007DFED7 /* Sources */ = {
			isa = PBXSourcesBuildPhase;
			buildActionMask = 2147483647;
			files = (
				260CF2DB29AF6AC3007DFED7 /* OKStartUITests.swift in Sources */,
				260CF2DD29AF6AC3007DFED7 /* OKStartUITestsLaunchTests.swift in Sources */,
			);
			runOnlyForDeploymentPostprocessing = 0;
		};
/* End PBXSourcesBuildPhase section */

/* Begin PBXTargetDependency section */
		260CF2CE29AF6AC3007DFED7 /* PBXTargetDependency */ = {
			isa = PBXTargetDependency;
			target = 260CF2BA29AF6AC1007DFED7 /* OKStart */;
			targetProxy = 260CF2CD29AF6AC3007DFED7 /* PBXContainerItemProxy */;
		};
		260CF2D829AF6AC3007DFED7 /* PBXTargetDependency */ = {
			isa = PBXTargetDependency;
			target = 260CF2BA29AF6AC1007DFED7 /* OKStart */;
			targetProxy = 260CF2D729AF6AC3007DFED7 /* PBXContainerItemProxy */;
		};
/* End PBXTargetDependency section */

/* Begin XCBuildConfiguration section */
		260CF2DE29AF6AC3007DFED7 /* Debug */ = {
			isa = XCBuildConfiguration;
			buildSettings = {
				ALWAYS_SEARCH_USER_PATHS = NO;
				CLANG_ANALYZER_NONNULL = YES;
				CLANG_ANALYZER_NUMBER_OBJECT_CONVERSION = YES_AGGRESSIVE;
				CLANG_CXX_LANGUAGE_STANDARD = "gnu++20";
				CLANG_ENABLE_MODULES = YES;
				CLANG_ENABLE_OBJC_ARC = YES;
				CLANG_ENABLE_OBJC_WEAK = YES;
				CLANG_WARN_BLOCK_CAPTURE_AUTORELEASING = YES;
				CLANG_WARN_BOOL_CONVERSION = YES;
				CLANG_WARN_COMMA = YES;
				CLANG_WARN_CONSTANT_CONVERSION = YES;
				CLANG_WARN_DEPRECATED_OBJC_IMPLEMENTATIONS = YES;
				CLANG_WARN_DIRECT_OBJC_ISA_USAGE = YES_ERROR;
				CLANG_WARN_DOCUMENTATION_COMMENTS = YES;
				CLANG_WARN_EMPTY_BODY = YES;
				CLANG_WARN_ENUM_CONVERSION = YES;
				CLANG_WARN_INFINITE_RECURSION = YES;
				CLANG_WARN_INT_CONVERSION = YES;
				CLANG_WARN_NON_LITERAL_NULL_CONVERSION = YES;
				CLANG_WARN_OBJC_IMPLICIT_RETAIN_SELF = YES;
				CLANG_WARN_OBJC_LITERAL_CONVERSION = YES;
				CLANG_WARN_OBJC_ROOT_CLASS = YES_ERROR;
				CLANG_WARN_QUOTED_INCLUDE_IN_FRAMEWORK_HEADER = YES;
				CLANG_WARN_RANGE_LOOP_ANALYSIS = YES;
				CLANG_WARN_STRICT_PROTOTYPES = YES;
				CLANG_WARN_SUSPICIOUS_MOVE = YES;
				CLANG_WARN_UNGUARDED_AVAILABILITY = YES_AGGRESSIVE;
				CLANG_WARN_UNREACHABLE_CODE = YES;
				CLANG_WARN__DUPLICATE_METHOD_MATCH = YES;
				COPY_PHASE_STRIP = NO;
				DEBUG_INFORMATION_FORMAT = dwarf;
				ENABLE_STRICT_OBJC_MSGSEND = YES;
				ENABLE_TESTABILITY = YES;
				GCC_C_LANGUAGE_STANDARD = gnu11;
				GCC_DYNAMIC_NO_PIC = NO;
				GCC_NO_COMMON_BLOCKS = YES;
				GCC_OPTIMIZATION_LEVEL = 0;
				GCC_PREPROCESSOR_DEFINITIONS = (
					"DEBUG=1",
					"$(inherited)",
				);
				GCC_WARN_64_TO_32_BIT_CONVERSION = YES;
				GCC_WARN_ABOUT_RETURN_TYPE = YES_ERROR;
				GCC_WARN_UNDECLARED_SELECTOR = YES;
				GCC_WARN_UNINITIALIZED_AUTOS = YES_AGGRESSIVE;
				GCC_WARN_UNUSED_FUNCTION = YES;
				GCC_WARN_UNUSED_VARIABLE = YES;
				MACOSX_DEPLOYMENT_TARGET = 13.1;
				MTL_ENABLE_DEBUG_INFO = INCLUDE_SOURCE;
				MTL_FAST_MATH = YES;
				ONLY_ACTIVE_ARCH = YES;
				SDKROOT = macosx;
				SWIFT_ACTIVE_COMPILATION_CONDITIONS = DEBUG;
				SWIFT_OPTIMIZATION_LEVEL = "-Onone";
			};
			name = Debug;
		};
		260CF2DF29AF6AC3007DFED7 /* Release */ = {
			isa = XCBuildConfiguration;
			buildSettings = {
				ALWAYS_SEARCH_USER_PATHS = NO;
				CLANG_ANALYZER_NONNULL = YES;
				CLANG_ANALYZER_NUMBER_OBJECT_CONVERSION = YES_AGGRESSIVE;
				CLANG_CXX_LANGUAGE_STANDARD = "gnu++20";
				CLANG_ENABLE_MODULES = YES;
				CLANG_ENABLE_OBJC_ARC = YES;
				CLANG_ENABLE_OBJC_WEAK = YES;
				CLANG_WARN_BLOCK_CAPTURE_AUTORELEASING = YES;
				CLANG_WARN_BOOL_CONVERSION = YES;
				CLANG_WARN_COMMA = YES;
				CLANG_WARN_CONSTANT_CONVERSION = YES;
				CLANG_WARN_DEPRECATED_OBJC_IMPLEMENTATIONS = YES;
				CLANG_WARN_DIRECT_OBJC_ISA_USAGE = YES_ERROR;
				CLANG_WARN_DOCUMENTATION_COMMENTS = YES;
				CLANG_WARN_EMPTY_BODY = YES;
				CLANG_WARN_ENUM_CONVERSION = YES;
				CLANG_WARN_INFINITE_RECURSION = YES;
				CLANG_WARN_INT_CONVERSION = YES;
				CLANG_WARN_NON_LITERAL_NULL_CONVERSION = YES;
				CLANG_WARN_OBJC_IMPLICIT_RETAIN_SELF = YES;
				CLANG_WARN_OBJC_LITERAL_CONVERSION = YES;
				CLANG_WARN_OBJC_ROOT_CLASS = YES_ERROR;
				CLANG_WARN_QUOTED_INCLUDE_IN_FRAMEWORK_HEADER = YES;
				CLANG_WARN_RANGE_LOOP_ANALYSIS = YES;
				CLANG_WARN_STRICT_PROTOTYPES = YES;
				CLANG_WARN_SUSPICIOUS_MOVE = YES;
				CLANG_WARN_UNGUARDED_AVAILABILITY = YES_AGGRESSIVE;
				CLANG_WARN_UNREACHABLE_CODE = YES;
				CLANG_WARN__DUPLICATE_METHOD_MATCH = YES;
				COPY_PHASE_STRIP = NO;
				DEBUG_INFORMATION_FORMAT = "dwarf-with-dsym";
				ENABLE_NS_ASSERTIONS = NO;
				ENABLE_STRICT_OBJC_MSGSEND = YES;
				GCC_C_LANGUAGE_STANDARD = gnu11;
				GCC_NO_COMMON_BLOCKS = YES;
				GCC_WARN_64_TO_32_BIT_CONVERSION = YES;
				GCC_WARN_ABOUT_RETURN_TYPE = YES_ERROR;
				GCC_WARN_UNDECLARED_SELECTOR = YES;
				GCC_WARN_UNINITIALIZED_AUTOS = YES_AGGRESSIVE;
				GCC_WARN_UNUSED_FUNCTION = YES;
				GCC_WARN_UNUSED_VARIABLE = YES;
				MACOSX_DEPLOYMENT_TARGET = 13.1;
				MTL_ENABLE_DEBUG_INFO = NO;
				MTL_FAST_MATH = YES;
				SDKROOT = macosx;
				SWIFT_COMPILATION_MODE = wholemodule;
				SWIFT_OPTIMIZATION_LEVEL = "-O";
			};
			name = Release;
		};
		260CF2E129AF6AC3007DFED7 /* Debug */ = {
			isa = XCBuildConfiguration;
			buildSettings = {
				ASSETCATALOG_COMPILER_APPICON_NAME = AppIcon;
				ASSETCATALOG_COMPILER_GLOBAL_ACCENT_COLOR_NAME = AccentColor;
				CODE_SIGN_ENTITLEMENTS = OKStart/OKStart.entitlements;
				CODE_SIGN_STYLE = Automatic;
				COMBINE_HIDPI_IMAGES = YES;
				CURRENT_PROJECT_VERSION = 1;
				DEVELOPMENT_ASSET_PATHS = "\"OKStart/Preview Content\"";
				DEVELOPMENT_TEAM = Q5223A5B2J;
				ENABLE_HARDENED_RUNTIME = YES;
				ENABLE_PREVIEWS = YES;
				GENERATE_INFOPLIST_FILE = YES;
				INFOPLIST_KEY_LSUIElement = YES;
				INFOPLIST_KEY_NSHumanReadableCopyright = "";
				LD_RUNPATH_SEARCH_PATHS = (
					"$(inherited)",
					"@executable_path/../Frameworks",
				);
				MARKETING_VERSION = 1.0;
				PRODUCT_BUNDLE_IDENTIFIER = Mobily.OKStart;
				PRODUCT_NAME = "$(TARGET_NAME)";
				SWIFT_EMIT_LOC_STRINGS = YES;
				SWIFT_VERSION = 5.0;
			};
			name = Debug;
		};
		260CF2E229AF6AC3007DFED7 /* Release */ = {
			isa = XCBuildConfiguration;
			buildSettings = {
				ASSETCATALOG_COMPILER_APPICON_NAME = AppIcon;
				ASSETCATALOG_COMPILER_GLOBAL_ACCENT_COLOR_NAME = AccentColor;
				CODE_SIGN_ENTITLEMENTS = OKStart/OKStart.entitlements;
				CODE_SIGN_STYLE = Automatic;
				COMBINE_HIDPI_IMAGES = YES;
				CURRENT_PROJECT_VERSION = 1;
				DEVELOPMENT_ASSET_PATHS = "\"OKStart/Preview Content\"";
				DEVELOPMENT_TEAM = Q5223A5B2J;
				ENABLE_HARDENED_RUNTIME = YES;
				ENABLE_PREVIEWS = YES;
				GENERATE_INFOPLIST_FILE = YES;
				INFOPLIST_KEY_LSUIElement = YES;
				INFOPLIST_KEY_NSHumanReadableCopyright = "";
				LD_RUNPATH_SEARCH_PATHS = (
					"$(inherited)",
					"@executable_path/../Frameworks",
				);
				MARKETING_VERSION = 1.0;
				PRODUCT_BUNDLE_IDENTIFIER = Mobily.OKStart;
				PRODUCT_NAME = "$(TARGET_NAME)";
				SWIFT_EMIT_LOC_STRINGS = YES;
				SWIFT_VERSION = 5.0;
			};
			name = Release;
		};
		260CF2E429AF6AC3007DFED7 /* Debug */ = {
			isa = XCBuildConfiguration;
			buildSettings = {
				ALWAYS_EMBED_SWIFT_STANDARD_LIBRARIES = YES;
				BUNDLE_LOADER = "$(TEST_HOST)";
				CODE_SIGN_STYLE = Automatic;
				CURRENT_PROJECT_VERSION = 1;
				DEVELOPMENT_TEAM = Q5223A5B2J;
				GENERATE_INFOPLIST_FILE = YES;
				MACOSX_DEPLOYMENT_TARGET = 13.1;
				MARKETING_VERSION = 1.0;
				PRODUCT_BUNDLE_IDENTIFIER = Mobily.OKStartTests;
				PRODUCT_NAME = "$(TARGET_NAME)";
				SWIFT_EMIT_LOC_STRINGS = NO;
				SWIFT_VERSION = 5.0;
				TEST_HOST = "$(BUILT_PRODUCTS_DIR)/OKStart.app/$(BUNDLE_EXECUTABLE_FOLDER_PATH)/OKStart";
			};
			name = Debug;
		};
		260CF2E529AF6AC3007DFED7 /* Release */ = {
			isa = XCBuildConfiguration;
			buildSettings = {
				ALWAYS_EMBED_SWIFT_STANDARD_LIBRARIES = YES;
				BUNDLE_LOADER = "$(TEST_HOST)";
				CODE_SIGN_STYLE = Automatic;
				CURRENT_PROJECT_VERSION = 1;
				DEVELOPMENT_TEAM = Q5223A5B2J;
				GENERATE_INFOPLIST_FILE = YES;
				MACOSX_DEPLOYMENT_TARGET = 13.1;
				MARKETING_VERSION = 1.0;
				PRODUCT_BUNDLE_IDENTIFIER = Mobily.OKStartTests;
				PRODUCT_NAME = "$(TARGET_NAME)";
				SWIFT_EMIT_LOC_STRINGS = NO;
				SWIFT_VERSION = 5.0;
				TEST_HOST = "$(BUILT_PRODUCTS_DIR)/OKStart.app/$(BUNDLE_EXECUTABLE_FOLDER_PATH)/OKStart";
			};
			name = Release;
		};
		260CF2E729AF6AC3007DFED7 /* Debug */ = {
			isa = XCBuildConfiguration;
			buildSettings = {
				ALWAYS_EMBED_SWIFT_STANDARD_LIBRARIES = YES;
				CODE_SIGN_STYLE = Automatic;
				CURRENT_PROJECT_VERSION = 1;
				DEVELOPMENT_TEAM = Q5223A5B2J;
				GENERATE_INFOPLIST_FILE = YES;
				MARKETING_VERSION = 1.0;
				PRODUCT_BUNDLE_IDENTIFIER = Mobily.OKStartUITests;
				PRODUCT_NAME = "$(TARGET_NAME)";
				SWIFT_EMIT_LOC_STRINGS = NO;
				SWIFT_VERSION = 5.0;
				TEST_TARGET_NAME = OKStart;
			};
			name = Debug;
		};
		260CF2E829AF6AC3007DFED7 /* Release */ = {
			isa = XCBuildConfiguration;
			buildSettings = {
				ALWAYS_EMBED_SWIFT_STANDARD_LIBRARIES = YES;
				CODE_SIGN_STYLE = Automatic;
				CURRENT_PROJECT_VERSION = 1;
				DEVELOPMENT_TEAM = Q5223A5B2J;
				GENERATE_INFOPLIST_FILE = YES;
				MARKETING_VERSION = 1.0;
				PRODUCT_BUNDLE_IDENTIFIER = Mobily.OKStartUITests;
				PRODUCT_NAME = "$(TARGET_NAME)";
				SWIFT_EMIT_LOC_STRINGS = NO;
				SWIFT_VERSION = 5.0;
				TEST_TARGET_NAME = OKStart;
			};
			name = Release;
		};
/* End XCBuildConfiguration section */

/* Begin XCConfigurationList section */
		260CF2B629AF6AC1007DFED7 /* Build configuration list for PBXProject "OKStart" */ = {
			isa = XCConfigurationList;
			buildConfigurations = (
				260CF2DE29AF6AC3007DFED7 /* Debug */,
				260CF2DF29AF6AC3007DFED7 /* Release */,
			);
			defaultConfigurationIsVisible = 0;
			defaultConfigurationName = Release;
		};
		260CF2E029AF6AC3007DFED7 /* Build configuration list for PBXNativeTarget "OKStart" */ = {
			isa = XCConfigurationList;
			buildConfigurations = (
				260CF2E129AF6AC3007DFED7 /* Debug */,
				260CF2E229AF6AC3007DFED7 /* Release */,
			);
			defaultConfigurationIsVisible = 0;
			defaultConfigurationName = Release;
		};
		260CF2E329AF6AC3007DFED7 /* Build configuration list for PBXNativeTarget "OKStartTests" */ = {
			isa = XCConfigurationList;
			buildConfigurations = (
				260CF2E429AF6AC3007DFED7 /* Debug */,
				260CF2E529AF6AC3007DFED7 /* Release */,
			);
			defaultConfigurationIsVisible = 0;
			defaultConfigurationName = Release;
		};
		260CF2E629AF6AC3007DFED7 /* Build configuration list for PBXNativeTarget "OKStartUITests" */ = {
			isa = XCConfigurationList;
			buildConfigurations = (
				260CF2E729AF6AC3007DFED7 /* Debug */,
				260CF2E829AF6AC3007DFED7 /* Release */,
			);
			defaultConfigurationIsVisible = 0;
			defaultConfigurationName = Release;
		};
/* End XCConfigurationList section */

/* Begin XCRemoteSwiftPackageReference section */
		26A0104029BB087D0086B16A /* XCRemoteSwiftPackageReference "Scriptable" */ = {
			isa = XCRemoteSwiftPackageReference;
			repositoryURL = "https://github.com/AbiramyKrishnan/Scriptable.git";
			requirement = {
				kind = upToNextMajorVersion;
				minimumVersion = 1.0.0;
			};
		};
/* End XCRemoteSwiftPackageReference section */

/* Begin XCSwiftPackageProductDependency section */
		26A0104129BB087D0086B16A /* Scriptable */ = {
			isa = XCSwiftPackageProductDependency;
			package = 26A0104029BB087D0086B16A /* XCRemoteSwiftPackageReference "Scriptable" */;
			productName = Scriptable;
		};
/* End XCSwiftPackageProductDependency section */
	};
	rootObject = 260CF2B329AF6AC1007DFED7 /* Project object */;
}
